
Microsoft Visual Studio Solution File, Format Version 12.00
# Visual Studio 15
VisualStudioVersion = 15.0.28010.2019
MinimumVisualStudioVersion = 10.0.40219.1
Project("{FAE04EC0-301F-11D3-BF4B-00C04F79EFBC}") = "Benefits.Entities.UnitTests", "Benefits.Entities.UnitTests\Benefits.Entities.UnitTests.csproj", "{3874C35D-731C-4B9D-ADCF-E5E72756F356}"
EndProject
Project("{FAE04EC0-301F-11D3-BF4B-00C04F79EFBC}") = "Benefits.Entities", "Benefits.Entities\Benefits.Entities.csproj", "{D82D7EE2-236B-4A91-ADB0-CF79E00D3323}"
EndProject
Project("{FAE04EC0-301F-11D3-BF4B-00C04F79EFBC}") = "Benefits.Demo", "Benefits.Demo\Benefits.Demo.csproj", "{BF22BC4F-AA6C-4B40-B6AB-750A4D726061}"
EndProject
Project("{FAE04EC0-301F-11D3-BF4B-00C04F79EFBC}") = "BetterAfrica.Shared", "Benefits.Shared\BetterAfrica.Shared.csproj", "{F621104F-F9A1-49AD-8C3E-ED699A9391E0}"
EndProject
Project("{FAE04EC0-301F-11D3-BF4B-00C04F79EFBC}") = "Benefits.Provider", "Benefits.Provider\Benefits.Provider.csproj", "{081C0EFA-5397-434C-93D2-CA327D0E5115}"
EndProject
Project("{FAE04EC0-301F-11D3-BF4B-00C04F79EFBC}") = "BetterAfrica.Benefits.Entities", "BetterAfrica.Benefits.Entities\BetterAfrica.Benefits.Entities.csproj", "{8139FAB6-70EA-45A9-8CE4-B901DF660EAA}"
EndProject
Project("{FAE04EC0-301F-11D3-BF4B-00C04F79EFBC}") = "BetterAfrica.Benefits.Entities.UnitTests", "BetterAfrica.Benefits.Entities.UnitTests\BetterAfrica.Benefits.Entities.UnitTests.csproj", "{ED2DFEF1-8B4B-4B5F-8343-E9150797E235}"
EndProject
Project("{FAE04EC0-301F-11D3-BF4B-00C04F79EFBC}") = "BetterAfrica.Shared.UnitTests", "BetterAfrica.Shared.UnitTests\BetterAfrica.Shared.UnitTests.csproj", "{DC1A7E1F-E2B2-4826-8AFF-D2D0D4F884FA}"
EndProject
Project("{FAE04EC0-301F-11D3-BF4B-00C04F79EFBC}") = "BetterAfrica.PayAt.UnitTests", "BetterAfrica.PayAt.UnitTests\BetterAfrica.PayAt.UnitTests.csproj", "{889E667C-3D78-474C-8149-D4ACEC0A6175}"
EndProject
Project("{FAE04EC0-301F-11D3-BF4B-00C04F79EFBC}") = "BetterAfrica.PayAt", "BetterAfrica.PayAt\BetterAfrica.PayAt.csproj", "{27D61E39-1F88-460E-9D63-929FC2121BFF}"
EndProject
Global
	GlobalSection(SolutionConfigurationPlatforms) = preSolution
		Debug|Any CPU = Debug|Any CPU
		Release|Any CPU = Release|Any CPU
	EndGlobalSection
	GlobalSection(ProjectConfigurationPlatforms) = postSolution
		{3874C35D-731C-4B9D-ADCF-E5E72756F356}.Debug|Any CPU.ActiveCfg = Debug|Any CPU
		{3874C35D-731C-4B9D-ADCF-E5E72756F356}.Debug|Any CPU.Build.0 = Debug|Any CPU
		{3874C35D-731C-4B9D-ADCF-E5E72756F356}.Release|Any CPU.ActiveCfg = Release|Any CPU
		{3874C35D-731C-4B9D-ADCF-E5E72756F356}.Release|Any CPU.Build.0 = Release|Any CPU
		{D82D7EE2-236B-4A91-ADB0-CF79E00D3323}.Debug|Any CPU.ActiveCfg = Debug|Any CPU
		{D82D7EE2-236B-4A91-ADB0-CF79E00D3323}.Debug|Any CPU.Build.0 = Debug|Any CPU
		{D82D7EE2-236B-4A91-ADB0-CF79E00D3323}.Release|Any CPU.ActiveCfg = Release|Any CPU
		{D82D7EE2-236B-4A91-ADB0-CF79E00D3323}.Release|Any CPU.Build.0 = Release|Any CPU
		{BF22BC4F-AA6C-4B40-B6AB-750A4D726061}.Debug|Any CPU.ActiveCfg = Debug|Any CPU
		{BF22BC4F-AA6C-4B40-B6AB-750A4D726061}.Debug|Any CPU.Build.0 = Debug|Any CPU
		{BF22BC4F-AA6C-4B40-B6AB-750A4D726061}.Release|Any CPU.ActiveCfg = Release|Any CPU
		{BF22BC4F-AA6C-4B40-B6AB-750A4D726061}.Release|Any CPU.Build.0 = Release|Any CPU
		{F621104F-F9A1-49AD-8C3E-ED699A9391E0}.Debug|Any CPU.ActiveCfg = Debug|Any CPU
		{F621104F-F9A1-49AD-8C3E-ED699A9391E0}.Debug|Any CPU.Build.0 = Debug|Any CPU
		{F621104F-F9A1-49AD-8C3E-ED699A9391E0}.Release|Any CPU.ActiveCfg = Release|Any CPU
		{F621104F-F9A1-49AD-8C3E-ED699A9391E0}.Release|Any CPU.Build.0 = Release|Any CPU
		{081C0EFA-5397-434C-93D2-CA327D0E5115}.Debug|Any CPU.ActiveCfg = Debug|Any CPU
		{081C0EFA-5397-434C-93D2-CA327D0E5115}.Debug|Any CPU.Build.0 = Debug|Any CPU
		{081C0EFA-5397-434C-93D2-CA327D0E5115}.Release|Any CPU.ActiveCfg = Release|Any CPU
		{081C0EFA-5397-434C-93D2-CA327D0E5115}.Release|Any CPU.Build.0 = Release|Any CPU
		{8139FAB6-70EA-45A9-8CE4-B901DF660EAA}.Debug|Any CPU.ActiveCfg = Debug|Any CPU
		{8139FAB6-70EA-45A9-8CE4-B901DF660EAA}.Debug|Any CPU.Build.0 = Debug|Any CPU
		{8139FAB6-70EA-45A9-8CE4-B901DF660EAA}.Release|Any CPU.ActiveCfg = Release|Any CPU
		{8139FAB6-70EA-45A9-8CE4-B901DF660EAA}.Release|Any CPU.Build.0 = Release|Any CPU
		{ED2DFEF1-8B4B-4B5F-8343-E9150797E235}.Debug|Any CPU.ActiveCfg = Debug|Any CPU
		{ED2DFEF1-8B4B-4B5F-8343-E9150797E235}.Debug|Any CPU.Build.0 = Debug|Any CPU
		{ED2DFEF1-8B4B-4B5F-8343-E9150797E235}.Release|Any CPU.ActiveCfg = Release|Any CPU
		{ED2DFEF1-8B4B-4B5F-8343-E9150797E235}.Release|Any CPU.Build.0 = Release|Any CPU
		{DC1A7E1F-E2B2-4826-8AFF-D2D0D4F884FA}.Debug|Any CPU.ActiveCfg = Debug|Any CPU
		{DC1A7E1F-E2B2-4826-8AFF-D2D0D4F884FA}.Debug|Any CPU.Build.0 = Debug|Any CPU
		{DC1A7E1F-E2B2-4826-8AFF-D2D0D4F884FA}.Release|Any CPU.ActiveCfg = Release|Any CPU
		{DC1A7E1F-E2B2-4826-8AFF-D2D0D4F884FA}.Release|Any CPU.Build.0 = Release|Any CPU
		{889E667C-3D78-474C-8149-D4ACEC0A6175}.Debug|Any CPU.ActiveCfg = Debug|Any CPU
		{889E667C-3D78-474C-8149-D4ACEC0A6175}.Debug|Any CPU.Build.0 = Debug|Any CPU
		{889E667C-3D78-474C-8149-D4ACEC0A6175}.Release|Any CPU.ActiveCfg = Release|Any CPU
		{889E667C-3D78-474C-8149-D4ACEC0A6175}.Release|Any CPU.Build.0 = Release|Any CPU
		{27D61E39-1F88-460E-9D63-929FC2121BFF}.Debug|Any CPU.ActiveCfg = Debug|Any CPU
		{27D61E39-1F88-460E-9D63-929FC2121BFF}.Debug|Any CPU.Build.0 = Debug|Any CPU
		{27D61E39-1F88-460E-9D63-929FC2121BFF}.Release|Any CPU.ActiveCfg = Release|Any CPU
		{27D61E39-1F88-460E-9D63-929FC2121BFF}.Release|Any CPU.Build.0 = Release|Any CPU
	EndGlobalSection
	GlobalSection(SolutionProperties) = preSolution
		HideSolutionNode = FALSE
	EndGlobalSection
	GlobalSection(ExtensibilityGlobals) = postSolution
		SolutionGuid = {B74D3AD3-3793-4BC9-BA35-E44CE7C9B707}
	EndGlobalSection
EndGlobal
